#MicroXplorer Configuration settings - do not modify
Mcu.Family=STM32L4
VP_RTC_VS_RTC_Activate.Signal=RTC_VS_RTC_Activate
PB3\ (JTDO/TRACESWO).GPIO_Label=USER_LED
RCC.MSI_VALUE=4000000
RCC.VCOOutputFreq_Value=32000000
NVIC.SysTick_IRQn=true\:0\:0\:false\:false\:true\:false\:true
ProjectManager.LastFirmware=true
ProjectManager.MainLocation=Src
ProjectManager.FirmwarePackage=STM32Cube FW_L4 V1.15.1
MxDb.Version=DB.5.0.60
RCC.PLLQoutputFreq_Value=16000000
ProjectManager.ProjectFileName=booba.ioc
ProjectManager.BackupPrevious=false
MxCube.Version=5.6.1
RCC.VCOInputFreq_Value=4000000
ProjectManager.KeepUserCode=true
PA10.Mode=I2C
Mcu.UserName=STM32L412K8Tx
Mcu.PinsNb=6
RCC.RNGFreq_Value=4000000
ProjectManager.NoMain=false
RCC.ADCFreq_Value=4000000
File.Version=6
VP_SYS_VS_Systick.Mode=SysTick
NVIC.NonMaskableInt_IRQn=true\:0\:0\:false\:false\:true\:false\:false
RCC.PLLRCLKFreq_Value=16000000
NVIC.PendSV_IRQn=true\:0\:0\:false\:false\:true\:false\:false
ProjectManager.functionlistsort=1-MX_GPIO_Init-GPIO-false-HAL-true,2-SystemClock_Config-RCC-false-HAL-false,3-MX_I2C1_Init-I2C1-false-HAL-true
VP_RTC_VS_RTC_Activate.Mode=RTC_Enabled
ProjectManager.FreePins=false
RCC.IPParameters=ADCFreq_Value,CRSFreq_Value,FamilyName,HSE_VALUE,HSI48_VALUE,HSI_VALUE,LSCOPinFreq_Value,LSE_VALUE,LSI_VALUE,MSI_VALUE,PLLQoutputFreq_Value,PLLRCLKFreq_Value,RNGFreq_Value,USBFreq_Value,VCOInputFreq_Value,VCOOutputFreq_Value
ProjectManager.DefaultFWLocation=true
ProjectManager.AskForMigrate=true
Mcu.Name=STM32L412K8Tx
VP_RTC_VS_RTC_Calendar.Signal=RTC_VS_RTC_Calendar
ProjectManager.HalAssertFull=false
ProjectManager.DeletePrevious=true
RCC.CRSFreq_Value=48000000
ProjectManager.ProjectName=booba
ProjectManager.UnderRoot=false
PB3\ (JTDO/TRACESWO).GPIOParameters=GPIO_Label
ProjectManager.CoupleFile=false
PinOutPanel.RotationAngle=0
Mcu.Package=LQFP32
RCC.FamilyName=M
ProjectManager.StackSize=0x400
NVIC.ForceEnableDMAVector=true
KeepUserPlacement=false
NVIC.MemoryManagement_IRQn=true\:0\:0\:false\:false\:true\:false\:false
Mcu.IP4=SYS
ProjectManager.CompilerOptimize=6
NVIC.SVCall_IRQn=true\:0\:0\:false\:false\:true\:false\:false
Mcu.IP2=RCC
ProjectManager.ToolChainLocation=
RCC.LSI_VALUE=32000
Mcu.IP3=RTC
VP_SYS_VS_Systick.Signal=SYS_VS_Systick
Mcu.IP0=I2C1
PA9.Mode=I2C
Mcu.IP1=NVIC
RCC.LSCOPinFreq_Value=32000
PA10.Signal=I2C1_SDA
VP_RTC_VS_RTC_Calendar.Mode=RTC_Calendar
ProjectManager.HeapSize=0x200
NVIC.HardFault_IRQn=true\:0\:0\:false\:false\:true\:false\:false
Mcu.UserConstants=
PB3\ (JTDO/TRACESWO).Locked=true
PB3\ (JTDO/TRACESWO).Signal=GPIO_Output
ProjectManager.TargetToolchain=Makefile
ProjectManager.ComputerToolchain=false
RCC.HSI_VALUE=16000000
Mcu.ThirdPartyNb=0
NVIC.PriorityGroup=NVIC_PRIORITYGROUP_4
Mcu.IPNb=5
ProjectManager.PreviousToolchain=
PA9.Signal=I2C1_SCL
NVIC.BusFault_IRQn=true\:0\:0\:false\:false\:true\:false\:false
RCC.USBFreq_Value=4000000
RCC.LSE_VALUE=32768
Mcu.Pin0=PA9
Mcu.Pin1=PA10
GPIO.groupedBy=Group By Peripherals
Mcu.Pin2=PB3 (JTDO/TRACESWO)
ProjectManager.CustomerFirmwarePackage=
Mcu.Pin3=VP_RTC_VS_RTC_Activate
ProjectManager.DeviceId=STM32L412K8Tx
Mcu.Pin4=VP_RTC_VS_RTC_Calendar
Mcu.Pin5=VP_SYS_VS_Systick
ProjectManager.LibraryCopy=0
RCC.HSI48_VALUE=48000000
ProjectManager.ProjectBuild=false
RCC.HSE_VALUE=8000000
NVIC.UsageFault_IRQn=true\:0\:0\:false\:false\:true\:false\:false
NVIC.DebugMonitor_IRQn=true\:0\:0\:false\:false\:true\:false\:false
board=custom
